
Microsoft Visual Studio Solution File, Format Version 12.00
# Visual Studio Version 17
VisualStudioVersion = 17.4.33213.308
MinimumVisualStudioVersion = 10.0.40219.1
Project("{FAE04EC0-301F-11D3-BF4B-00C04F79EFBC}") = "Lesson10HomeWork", "Lesson10HomeWork\Lesson10HomeWork.csproj", "{FD4769B0-E00C-45A2-B709-E750F65D406F}"
EndProject
Global
	GlobalSection(SolutionConfigurationPlatforms) = preSolution
		Debug|Any CPU = Debug|Any CPU
		Release|Any CPU = Release|Any CPU
	EndGlobalSection
	GlobalSection(ProjectConfigurationPlatforms) = postSolution
		{FD4769B0-E00C-45A2-B709-E750F65D406F}.Debug|Any CPU.ActiveCfg = Debug|Any CPU
		{FD4769B0-E00C-45A2-B709-E750F65D406F}.Debug|Any CPU.Build.0 = Debug|Any CPU
		{FD4769B0-E00C-45A2-B709-E750F65D406F}.Release|Any CPU.ActiveCfg = Release|Any CPU
		{FD4769B0-E00C-45A2-B709-E750F65D406F}.Release|Any CPU.Build.0 = Release|Any CPU
	EndGlobalSection
	GlobalSection(SolutionProperties) = preSolution
		HideSolutionNode = FALSE
	EndGlobalSection
	GlobalSection(ExtensibilityGlobals) = postSolution
		SolutionGuid = {E220C037-D584-48B9-BB66-96AC6F58FABD}
	EndGlobalSection
EndGlobal
